
Microsoft Visual Studio Solution File, Format Version 12.00
# Visual Studio Version 17
VisualStudioVersion = 17.5.002.0
MinimumVisualStudioVersion = 10.0.40219.1
Project("{9A19103F-16F7-4668-BE54-9A1E7A4F7556}") = "Media", "Media\Media.csproj", "{5B56A33C-E934-423D-96F8-DBBECE29D058}"
EndProject
Global
	GlobalSection(SolutionConfigurationPlatforms) = preSolution
		Debug|Any CPU = Debug|Any CPU
		Release|Any CPU = Release|Any CPU
	EndGlobalSection
	GlobalSection(ProjectConfigurationPlatforms) = postSolution
		{5B56A33C-E934-423D-96F8-DBBECE29D058}.Debug|Any CPU.ActiveCfg = Debug|Any CPU
		{5B56A33C-E934-423D-96F8-DBBECE29D058}.Debug|Any CPU.Build.0 = Debug|Any CPU
		{5B56A33C-E934-423D-96F8-DBBECE29D058}.Release|Any CPU.ActiveCfg = Release|Any CPU
		{5B56A33C-E934-423D-96F8-DBBECE29D058}.Release|Any CPU.Build.0 = Release|Any CPU
	EndGlobalSection
	GlobalSection(SolutionProperties) = preSolution
		HideSolutionNode = FALSE
	EndGlobalSection
	GlobalSection(ExtensibilityGlobals) = postSolution
		SolutionGuid = {E78AC095-0912-478C-B064-FB73B2820446}
	EndGlobalSection
EndGlobal
